
Microsoft Visual Studio Solution File, Format Version 12.00
# Visual Studio Version 17
VisualStudioVersion = 17.0.31903.59
MinimumVisualStudioVersion = 10.0.40219.1
Project("{FAE04EC0-301F-11D3-BF4B-00C04F79EFBC}") = "EventSourcing.API", "EventSourcing.API\EventSourcing.API.csproj", "{47F67AE2-3FD4-4300-B9F2-77FDCD3673B3}"
EndProject
Project("{FAE04EC0-301F-11D3-BF4B-00C04F79EFBC}") = "EventSourcing.Shared", "EventSourcing.Shared\EventSourcing.Shared.csproj", "{7A939B07-1731-43DA-B8CE-33E587626C49}"
EndProject
Global
	GlobalSection(SolutionConfigurationPlatforms) = preSolution
		Debug|Any CPU = Debug|Any CPU
		Release|Any CPU = Release|Any CPU
	EndGlobalSection
	GlobalSection(SolutionProperties) = preSolution
		HideSolutionNode = FALSE
	EndGlobalSection
	GlobalSection(ProjectConfigurationPlatforms) = postSolution
		{47F67AE2-3FD4-4300-B9F2-77FDCD3673B3}.Debug|Any CPU.ActiveCfg = Debug|Any CPU
		{47F67AE2-3FD4-4300-B9F2-77FDCD3673B3}.Debug|Any CPU.Build.0 = Debug|Any CPU
		{47F67AE2-3FD4-4300-B9F2-77FDCD3673B3}.Release|Any CPU.ActiveCfg = Release|Any CPU
		{47F67AE2-3FD4-4300-B9F2-77FDCD3673B3}.Release|Any CPU.Build.0 = Release|Any CPU
		{7A939B07-1731-43DA-B8CE-33E587626C49}.Debug|Any CPU.ActiveCfg = Debug|Any CPU
		{7A939B07-1731-43DA-B8CE-33E587626C49}.Debug|Any CPU.Build.0 = Debug|Any CPU
		{7A939B07-1731-43DA-B8CE-33E587626C49}.Release|Any CPU.ActiveCfg = Release|Any CPU
		{7A939B07-1731-43DA-B8CE-33E587626C49}.Release|Any CPU.Build.0 = Release|Any CPU
	EndGlobalSection
EndGlobal
